
Microsoft Visual Studio Solution File, Format Version 12.00
# Visual Studio Version 16
VisualStudioVersion = 16.0.32510.428
MinimumVisualStudioVersion = 10.0.40219.1
Project("{FAE04EC0-301F-11D3-BF4B-00C04F79EFBC}") = "List,stack,array,q", "List,stack,array,q\List,stack,array,q.csproj", "{83564DEE-DE33-4192-860D-CB075C91D77D}"
EndProject
Global
	GlobalSection(SolutionConfigurationPlatforms) = preSolution
		Debug|Any CPU = Debug|Any CPU
		Release|Any CPU = Release|Any CPU
	EndGlobalSection
	GlobalSection(ProjectConfigurationPlatforms) = postSolution
		{83564DEE-DE33-4192-860D-CB075C91D77D}.Debug|Any CPU.ActiveCfg = Debug|Any CPU
		{83564DEE-DE33-4192-860D-CB075C91D77D}.Debug|Any CPU.Build.0 = Debug|Any CPU
		{83564DEE-DE33-4192-860D-CB075C91D77D}.Release|Any CPU.ActiveCfg = Release|Any CPU
		{83564DEE-DE33-4192-860D-CB075C91D77D}.Release|Any CPU.Build.0 = Release|Any CPU
	EndGlobalSection
	GlobalSection(SolutionProperties) = preSolution
		HideSolutionNode = FALSE
	EndGlobalSection
	GlobalSection(ExtensibilityGlobals) = postSolution
		SolutionGuid = {329CDEA9-AEFD-4AB9-8FAE-7DE57F55A6AF}
	EndGlobalSection
EndGlobal
